
Microsoft Visual Studio Solution File, Format Version 12.00
# Visual Studio 2013
VisualStudioVersion = 12.0.40629.0
MinimumVisualStudioVersion = 10.0.40219.1
Project("{FAE04EC0-301F-11D3-BF4B-00C04F79EFBC}") = "AuthenticationTest", "AuthenticationTest\AuthenticationTest.csproj", "{1C702688-D089-49A2-89A2-224E0FE555EE}"
EndProject
Project("{FAE04EC0-301F-11D3-BF4B-00C04F79EFBC}") = "AuthenticationLibrary", "AuthenticationLibrary\AuthenticationLibrary.csproj", "{222A3C26-0AD6-43B7-AA81-E5924C747028}"
EndProject
Project("{FAE04EC0-301F-11D3-BF4B-00C04F79EFBC}") = "AuthenticationProjectFinal", "AuthenticationProjectFinal\AuthenticationProjectFinal.csproj", "{87E3A4B9-47DE-4212-9D8B-D5F5C6E6180D}"
EndProject
Global
	GlobalSection(SolutionConfigurationPlatforms) = preSolution
		Debug|Any CPU = Debug|Any CPU
		Release|Any CPU = Release|Any CPU
	EndGlobalSection
	GlobalSection(ProjectConfigurationPlatforms) = postSolution
		{1C702688-D089-49A2-89A2-224E0FE555EE}.Debug|Any CPU.ActiveCfg = Debug|Any CPU
		{1C702688-D089-49A2-89A2-224E0FE555EE}.Debug|Any CPU.Build.0 = Debug|Any CPU
		{1C702688-D089-49A2-89A2-224E0FE555EE}.Release|Any CPU.ActiveCfg = Release|Any CPU
		{1C702688-D089-49A2-89A2-224E0FE555EE}.Release|Any CPU.Build.0 = Release|Any CPU
		{222A3C26-0AD6-43B7-AA81-E5924C747028}.Debug|Any CPU.ActiveCfg = Debug|Any CPU
		{222A3C26-0AD6-43B7-AA81-E5924C747028}.Debug|Any CPU.Build.0 = Debug|Any CPU
		{222A3C26-0AD6-43B7-AA81-E5924C747028}.Release|Any CPU.ActiveCfg = Release|Any CPU
		{222A3C26-0AD6-43B7-AA81-E5924C747028}.Release|Any CPU.Build.0 = Release|Any CPU
		{87E3A4B9-47DE-4212-9D8B-D5F5C6E6180D}.Debug|Any CPU.ActiveCfg = Debug|Any CPU
		{87E3A4B9-47DE-4212-9D8B-D5F5C6E6180D}.Debug|Any CPU.Build.0 = Debug|Any CPU
		{87E3A4B9-47DE-4212-9D8B-D5F5C6E6180D}.Release|Any CPU.ActiveCfg = Release|Any CPU
		{87E3A4B9-47DE-4212-9D8B-D5F5C6E6180D}.Release|Any CPU.Build.0 = Release|Any CPU
	EndGlobalSection
	GlobalSection(SolutionProperties) = preSolution
		HideSolutionNode = FALSE
	EndGlobalSection
EndGlobal
